{
    "_meta": {
        "hash": {
            "sha256": "e1363ed57d127c411826d892a906624d7328f8df7cba05e2b6193b8a56f794bc"
        },
        "pipfile-spec": 6,
        "requires": {
            "python_version": "3.7"
        },
        "sources": [
            {
                "name": "pypi",
                "url": "https://pypi.python.org/simple",
                "verify_ssl": true
            }
        ]
    },
    "default": {
        "click": {
            "hashes": [
                "sha256:2335065e6395b9e67ca716de5f7526736bfa6ceead690adf616d925bdc622b13",
                "sha256:5b94b49521f6456670fdb30cd82a4eca9412788a93fa6dd6df72c94d5a8ff2d7"
            ],
            "index": "pypi",
            "version": "==7.0"
        },
        "tqdm": {
            "hashes": [
                "sha256:1be3e4e3198f2d0e47b928e9d9a8ec1b63525db29095cec1467f4c5a4ea8ebf9",
                "sha256:7e39a30e3d34a7a6539378e39d7490326253b7ee354878a92255656dc4284457"
            ],
            "index": "pypi",
            "version": "==4.35.0"
        }
    },
    "develop": {}
}
